
Microsoft Visual Studio Solution File, Format Version 12.00
# Visual Studio 15
Project("{FAE04EC0-301F-11D3-BF4B-00C04F79EFBC}") = "ConsolePractice", "ConsolePractice\ConsolePractice.csproj", "{668FD35C-AD4D-4572-889C-6DA2015864EF}"
EndProject
Global
	GlobalSection(SolutionConfigurationPlatforms) = preSolution
		Debug|Any CPU = Debug|Any CPU
		Release|Any CPU = Release|Any CPU
	EndGlobalSection
	GlobalSection(ProjectConfigurationPlatforms) = postSolution
		{668FD35C-AD4D-4572-889C-6DA2015864EF}.Debug|Any CPU.ActiveCfg = Debug|Any CPU
		{668FD35C-AD4D-4572-889C-6DA2015864EF}.Debug|Any CPU.Build.0 = Debug|Any CPU
		{668FD35C-AD4D-4572-889C-6DA2015864EF}.Release|Any CPU.ActiveCfg = Release|Any CPU
		{668FD35C-AD4D-4572-889C-6DA2015864EF}.Release|Any CPU.Build.0 = Release|Any CPU
	EndGlobalSection
EndGlobal
